
Microsoft Visual Studio Solution File, Format Version 12.00
# Visual Studio Version 16
VisualStudioVersion = 16.0.30621.155
MinimumVisualStudioVersion = 10.0.40219.1
Project("{FAE04EC0-301F-11D3-BF4B-00C04F79EFBC}") = "CabInvoiceGenrator", "CabInvoiceGenrator.csproj", "{196BC51C-6973-4B78-94F7-7B5B7C57D291}"
EndProject
Project("{FAE04EC0-301F-11D3-BF4B-00C04F79EFBC}") = "CabInvoiceGenerator", "..\CabInvoiceGenerator\CabInvoiceGenerator.csproj", "{86A978C3-25AA-42C6-B30F-61CA24FBE569}"
EndProject
Global
	GlobalSection(SolutionConfigurationPlatforms) = preSolution
		Debug|Any CPU = Debug|Any CPU
		Release|Any CPU = Release|Any CPU
	EndGlobalSection
	GlobalSection(ProjectConfigurationPlatforms) = postSolution
		{196BC51C-6973-4B78-94F7-7B5B7C57D291}.Debug|Any CPU.ActiveCfg = Debug|Any CPU
		{196BC51C-6973-4B78-94F7-7B5B7C57D291}.Debug|Any CPU.Build.0 = Debug|Any CPU
		{196BC51C-6973-4B78-94F7-7B5B7C57D291}.Release|Any CPU.ActiveCfg = Release|Any CPU
		{196BC51C-6973-4B78-94F7-7B5B7C57D291}.Release|Any CPU.Build.0 = Release|Any CPU
		{86A978C3-25AA-42C6-B30F-61CA24FBE569}.Debug|Any CPU.ActiveCfg = Debug|Any CPU
		{86A978C3-25AA-42C6-B30F-61CA24FBE569}.Debug|Any CPU.Build.0 = Debug|Any CPU
		{86A978C3-25AA-42C6-B30F-61CA24FBE569}.Release|Any CPU.ActiveCfg = Release|Any CPU
		{86A978C3-25AA-42C6-B30F-61CA24FBE569}.Release|Any CPU.Build.0 = Release|Any CPU
	EndGlobalSection
	GlobalSection(SolutionProperties) = preSolution
		HideSolutionNode = FALSE
	EndGlobalSection
	GlobalSection(ExtensibilityGlobals) = postSolution
		SolutionGuid = {50F3ABD7-A063-41DC-AFEF-D15919DA3CA9}
	EndGlobalSection
EndGlobal
